// !$*UTF8*$!
{
	archiveVersion = 1;
	classes = {
	};
	objectVersion = 55;
	objects = {

/* Begin PBXBuildFile section */
		1978112828C99A2A005E858A /* AppDelegate.swift in Sources */ = {isa = PBXBuildFile; fileRef = 1978112728C99A2A005E858A /* AppDelegate.swift */; };
		1978112A28C99A2A005E858A /* SceneDelegate.swift in Sources */ = {isa = PBXBuildFile; fileRef = 1978112928C99A2A005E858A /* SceneDelegate.swift */; };
		1978112C28C99A2A005E858A /* ViewController.swift in Sources */ = {isa = PBXBuildFile; fileRef = 1978112B28C99A2A005E858A /* ViewController.swift */; };
		1978112F28C99A2A005E858A /* Main.storyboard in Resources */ = {isa = PBXBuildFile; fileRef = 1978112D28C99A2A005E858A /* Main.storyboard */; };
		1978113128C99A2C005E858A /* Assets.xcassets in Resources */ = {isa = PBXBuildFile; fileRef = 1978113028C99A2C005E858A /* Assets.xcassets */; };
		1978113428C99A2C005E858A /* LaunchScreen.storyboard in Resources */ = {isa = PBXBuildFile; fileRef = 1978113228C99A2C005E858A /* LaunchScreen.storyboard */; };
		1978113C28C99AF2005E858A /* Board.swift in Sources */ = {isa = PBXBuildFile; fileRef = 1978113B28C99AF2005E858A /* Board.swift */; };
		1978113E28C99C68005E858A /* Queue.swift in Sources */ = {isa = PBXBuildFile; fileRef = 1978113D28C99C68005E858A /* Queue.swift */; };
		19FEDFB628C9B84900EC78F7 /* Dice.swift in Sources */ = {isa = PBXBuildFile; fileRef = 19FEDFB528C9B84900EC78F7 /* Dice.swift */; };
		19FEDFB828C9B85B00EC78F7 /* Ladder.swift in Sources */ = {isa = PBXBuildFile; fileRef = 19FEDFB728C9B85B00EC78F7 /* Ladder.swift */; };
		19FEDFBA28C9B86600EC78F7 /* Snake.swift in Sources */ = {isa = PBXBuildFile; fileRef = 19FEDFB928C9B86600EC78F7 /* Snake.swift */; };
		19FEDFBC28C9B87200EC78F7 /* Player.swift in Sources */ = {isa = PBXBuildFile; fileRef = 19FEDFBB28C9B87200EC78F7 /* Player.swift */; };
/* End PBXBuildFile section */

/* Begin PBXFileReference section */
		1978112428C99A2A005E858A /* SnakesAndLadders.app */ = {isa = PBXFileReference; explicitFileType = wrapper.application; includeInIndex = 0; path = SnakesAndLadders.app; sourceTree = BUILT_PRODUCTS_DIR; };
		1978112728C99A2A005E858A /* AppDelegate.swift */ = {isa = PBXFileReference; lastKnownFileType = sourcecode.swift; path = AppDelegate.swift; sourceTree = "<group>"; };
		1978112928C99A2A005E858A /* SceneDelegate.swift */ = {isa = PBXFileReference; lastKnownFileType = sourcecode.swift; path = SceneDelegate.swift; sourceTree = "<group>"; };
		1978112B28C99A2A005E858A /* ViewController.swift */ = {isa = PBXFileReference; lastKnownFileType = sourcecode.swift; path = ViewController.swift; sourceTree = "<group>"; };
		1978112E28C99A2A005E858A /* Base */ = {isa = PBXFileReference; lastKnownFileType = file.storyboard; name = Base; path = Base.lproj/Main.storyboard; sourceTree = "<group>"; };
		1978113028C99A2C005E858A /* Assets.xcassets */ = {isa = PBXFileReference; lastKnownFileType = folder.assetcatalog; path = Assets.xcassets; sourceTree = "<group>"; };
		1978113328C99A2C005E858A /* Base */ = {isa = PBXFileReference; lastKnownFileType = file.storyboard; name = Base; path = Base.lproj/LaunchScreen.storyboard; sourceTree = "<group>"; };
		1978113528C99A2C005E858A /* Info.plist */ = {isa = PBXFileReference; lastKnownFileType = text.plist.xml; path = Info.plist; sourceTree = "<group>"; };
		1978113B28C99AF2005E858A /* Board.swift */ = {isa = PBXFileReference; lastKnownFileType = sourcecode.swift; path = Board.swift; sourceTree = "<group>"; };
		1978113D28C99C68005E858A /* Queue.swift */ = {isa = PBXFileReference; lastKnownFileType = sourcecode.swift; path = Queue.swift; sourceTree = "<group>"; };
		19FEDFB528C9B84900EC78F7 /* Dice.swift */ = {isa = PBXFileReference; lastKnownFileType = sourcecode.swift; path = Dice.swift; sourceTree = "<group>"; };
		19FEDFB728C9B85B00EC78F7 /* Ladder.swift */ = {isa = PBXFileReference; lastKnownFileType = sourcecode.swift; path = Ladder.swift; sourceTree = "<group>"; };
		19FEDFB928C9B86600EC78F7 /* Snake.swift */ = {isa = PBXFileReference; lastKnownFileType = sourcecode.swift; path = Snake.swift; sourceTree = "<group>"; };
		19FEDFBB28C9B87200EC78F7 /* Player.swift */ = {isa = PBXFileReference; lastKnownFileType = sourcecode.swift; path = Player.swift; sourceTree = "<group>"; };
/* End PBXFileReference section */

/* Begin PBXFrameworksBuildPhase section */
		1978112128C99A2A005E858A /* Frameworks */ = {
			isa = PBXFrameworksBuildPhase;
			buildActionMask = 2147483647;
			files = (
			);
			runOnlyForDeploymentPostprocessing = 0;
		};
/* End PBXFrameworksBuildPhase section */

/* Begin PBXGroup section */
		1978111B28C99A2A005E858A = {
			isa = PBXGroup;
			children = (
				1978112628C99A2A005E858A /* SnakesAndLadders */,
				1978112528C99A2A005E858A /* Products */,
			);
			sourceTree = "<group>";
		};
		1978112528C99A2A005E858A /* Products */ = {
			isa = PBXGroup;
			children = (
				1978112428C99A2A005E858A /* SnakesAndLadders.app */,
			);
			name = Products;
			sourceTree = "<group>";
		};
		1978112628C99A2A005E858A /* SnakesAndLadders */ = {
			isa = PBXGroup;
			children = (
				1978112728C99A2A005E858A /* AppDelegate.swift */,
				1978112928C99A2A005E858A /* SceneDelegate.swift */,
				1978113F28C99E2D005E858A /* Data Structures */,
				1978114028C99E35005E858A /* Model */,
				19FEDFBD28C9B89400EC78F7 /* View Controllers */,
				1978112D28C99A2A005E858A /* Main.storyboard */,
				1978113028C99A2C005E858A /* Assets.xcassets */,
				1978113228C99A2C005E858A /* LaunchScreen.storyboard */,
				1978113528C99A2C005E858A /* Info.plist */,
			);
			path = SnakesAndLadders;
			sourceTree = "<group>";
		};
		1978113F28C99E2D005E858A /* Data Structures */ = {
			isa = PBXGroup;
			children = (
				1978113D28C99C68005E858A /* Queue.swift */,
			);
			path = "Data Structures";
			sourceTree = "<group>";
		};
		1978114028C99E35005E858A /* Model */ = {
			isa = PBXGroup;
			children = (
				1978113B28C99AF2005E858A /* Board.swift */,
				19FEDFBB28C9B87200EC78F7 /* Player.swift */,
				19FEDFB928C9B86600EC78F7 /* Snake.swift */,
				19FEDFB728C9B85B00EC78F7 /* Ladder.swift */,
				19FEDFB528C9B84900EC78F7 /* Dice.swift */,
			);
			path = Model;
			sourceTree = "<group>";
		};
		19FEDFBD28C9B89400EC78F7 /* View Controllers */ = {
			isa = PBXGroup;
			children = (
				1978112B28C99A2A005E858A /* ViewController.swift */,
			);
			path = "View Controllers";
			sourceTree = "<group>";
		};
/* End PBXGroup section */

/* Begin PBXNativeTarget section */
		1978112328C99A2A005E858A /* SnakesAndLadders */ = {
			isa = PBXNativeTarget;
			buildConfigurationList = 1978113828C99A2C005E858A /* Build configuration list for PBXNativeTarget "SnakesAndLadders" */;
			buildPhases = (
				1978112028C99A2A005E858A /* Sources */,
				1978112128C99A2A005E858A /* Frameworks */,
				1978112228C99A2A005E858A /* Resources */,
			);
			buildRules = (
			);
			dependencies = (
			);
			name = SnakesAndLadders;
			productName = SnakesAndLadders;
			productReference = 1978112428C99A2A005E858A /* SnakesAndLadders.app */;
			productType = "com.apple.product-type.application";
		};
/* End PBXNativeTarget section */

/* Begin PBXProject section */
		1978111C28C99A2A005E858A /* Project object */ = {
			isa = PBXProject;
			attributes = {
				BuildIndependentTargetsInParallel = 1;
				LastSwiftUpdateCheck = 1340;
				LastUpgradeCheck = 1340;
				TargetAttributes = {
					1978112328C99A2A005E858A = {
						CreatedOnToolsVersion = 13.4.1;
					};
				};
			};
			buildConfigurationList = 1978111F28C99A2A005E858A /* Build configuration list for PBXProject "SnakesAndLadders" */;
			compatibilityVersion = "Xcode 13.0";
			developmentRegion = en;
			hasScannedForEncodings = 0;
			knownRegions = (
				en,
				Base,
			);
			mainGroup = 1978111B28C99A2A005E858A;
			productRefGroup = 1978112528C99A2A005E858A /* Products */;
			projectDirPath = "";
			projectRoot = "";
			targets = (
				1978112328C99A2A005E858A /* SnakesAndLadders */,
			);
		};
/* End PBXProject section */

/* Begin PBXResourcesBuildPhase section */
		1978112228C99A2A005E858A /* Resources */ = {
			isa = PBXResourcesBuildPhase;
			buildActionMask = 2147483647;
			files = (
				1978113428C99A2C005E858A /* LaunchScreen.storyboard in Resources */,
				1978113128C99A2C005E858A /* Assets.xcassets in Resources */,
				1978112F28C99A2A005E858A /* Main.storyboard in Resources */,
			);
			runOnlyForDeploymentPostprocessing = 0;
		};
/* End PBXResourcesBuildPhase section */

/* Begin PBXSourcesBuildPhase section */
		1978112028C99A2A005E858A /* Sources */ = {
			isa = PBXSourcesBuildPhase;
			buildActionMask = 2147483647;
			files = (
				19FEDFBA28C9B86600EC78F7 /* Snake.swift in Sources */,
				1978113E28C99C68005E858A /* Queue.swift in Sources */,
				1978112C28C99A2A005E858A /* ViewController.swift in Sources */,
				19FEDFB828C9B85B00EC78F7 /* Ladder.swift in Sources */,
				1978112828C99A2A005E858A /* AppDelegate.swift in Sources */,
				1978113C28C99AF2005E858A /* Board.swift in Sources */,
				19FEDFB628C9B84900EC78F7 /* Dice.swift in Sources */,
				19FEDFBC28C9B87200EC78F7 /* Player.swift in Sources */,
				1978112A28C99A2A005E858A /* SceneDelegate.swift in Sources */,
			);
			runOnlyForDeploymentPostprocessing = 0;
		};
/* End PBXSourcesBuildPhase section */

/* Begin PBXVariantGroup section */
		1978112D28C99A2A005E858A /* Main.storyboard */ = {
			isa = PBXVariantGroup;
			children = (
				1978112E28C99A2A005E858A /* Base */,
			);
			name = Main.storyboard;
			sourceTree = "<group>";
		};
		1978113228C99A2C005E858A /* LaunchScreen.storyboard */ = {
			isa = PBXVariantGroup;
			children = (
				1978113328C99A2C005E858A /* Base */,
			);
			name = LaunchScreen.storyboard;
			sourceTree = "<group>";
		};
/* End PBXVariantGroup section */

/* Begin XCBuildConfiguration section */
		1978113628C99A2C005E858A /* Debug */ = {
			isa = XCBuildConfiguration;
			buildSettings = {
				ALWAYS_SEARCH_USER_PATHS = NO;
				CLANG_ANALYZER_NONNULL = YES;
				CLANG_ANALYZER_NUMBER_OBJECT_CONVERSION = YES_AGGRESSIVE;
				CLANG_CXX_LANGUAGE_STANDARD = "gnu++17";
				CLANG_ENABLE_MODULES = YES;
				CLANG_ENABLE_OBJC_ARC = YES;
				CLANG_ENABLE_OBJC_WEAK = YES;
				CLANG_WARN_BLOCK_CAPTURE_AUTORELEASING = YES;
				CLANG_WARN_BOOL_CONVERSION = YES;
				CLANG_WARN_COMMA = YES;
				CLANG_WARN_CONSTANT_CONVERSION = YES;
				CLANG_WARN_DEPRECATED_OBJC_IMPLEMENTATIONS = YES;
				CLANG_WARN_DIRECT_OBJC_ISA_USAGE = YES_ERROR;
				CLANG_WARN_DOCUMENTATION_COMMENTS = YES;
				CLANG_WARN_EMPTY_BODY = YES;
				CLANG_WARN_ENUM_CONVERSION = YES;
				CLANG_WARN_INFINITE_RECURSION = YES;
				CLANG_WARN_INT_CONVERSION = YES;
				CLANG_WARN_NON_LITERAL_NULL_CONVERSION = YES;
				CLANG_WARN_OBJC_IMPLICIT_RETAIN_SELF = YES;
				CLANG_WARN_OBJC_LITERAL_CONVERSION = YES;
				CLANG_WARN_OBJC_ROOT_CLASS = YES_ERROR;
				CLANG_WARN_QUOTED_INCLUDE_IN_FRAMEWORK_HEADER = YES;
				CLANG_WARN_RANGE_LOOP_ANALYSIS = YES;
				CLANG_WARN_STRICT_PROTOTYPES = YES;
				CLANG_WARN_SUSPICIOUS_MOVE = YES;
				CLANG_WARN_UNGUARDED_AVAILABILITY = YES_AGGRESSIVE;
				CLANG_WARN_UNREACHABLE_CODE = YES;
				CLANG_WARN__DUPLICATE_METHOD_MATCH = YES;
				COPY_PHASE_STRIP = NO;
				DEBUG_INFORMATION_FORMAT = dwarf;
				ENABLE_STRICT_OBJC_MSGSEND = YES;
				ENABLE_TESTABILITY = YES;
				GCC_C_LANGUAGE_STANDARD = gnu11;
				GCC_DYNAMIC_NO_PIC = NO;
				GCC_NO_COMMON_BLOCKS = YES;
				GCC_OPTIMIZATION_LEVEL = 0;
				GCC_PREPROCESSOR_DEFINITIONS = (
					"DEBUG=1",
					"$(inherited)",
				);
				GCC_WARN_64_TO_32_BIT_CONVERSION = YES;
				GCC_WARN_ABOUT_RETURN_TYPE = YES_ERROR;
				GCC_WARN_UNDECLARED_SELECTOR = YES;
				GCC_WARN_UNINITIALIZED_AUTOS = YES_AGGRESSIVE;
				GCC_WARN_UNUSED_FUNCTION = YES;
				GCC_WARN_UNUSED_VARIABLE = YES;
				IPHONEOS_DEPLOYMENT_TARGET = 15.5;
				MTL_ENABLE_DEBUG_INFO = INCLUDE_SOURCE;
				MTL_FAST_MATH = YES;
				ONLY_ACTIVE_ARCH = YES;
				SDKROOT = iphoneos;
				SWIFT_ACTIVE_COMPILATION_CONDITIONS = DEBUG;
				SWIFT_OPTIMIZATION_LEVEL = "-Onone";
			};
			name = Debug;
		};
		1978113728C99A2C005E858A /* Release */ = {
			isa = XCBuildConfiguration;
			buildSettings = {
				ALWAYS_SEARCH_USER_PATHS = NO;
				CLANG_ANALYZER_NONNULL = YES;
				CLANG_ANALYZER_NUMBER_OBJECT_CONVERSION = YES_AGGRESSIVE;
				CLANG_CXX_LANGUAGE_STANDARD = "gnu++17";
				CLANG_ENABLE_MODULES = YES;
				CLANG_ENABLE_OBJC_ARC = YES;
				CLANG_ENABLE_OBJC_WEAK = YES;
				CLANG_WARN_BLOCK_CAPTURE_AUTORELEASING = YES;
				CLANG_WARN_BOOL_CONVERSION = YES;
				CLANG_WARN_COMMA = YES;
				CLANG_WARN_CONSTANT_CONVERSION = YES;
				CLANG_WARN_DEPRECATED_OBJC_IMPLEMENTATIONS = YES;
				CLANG_WARN_DIRECT_OBJC_ISA_USAGE = YES_ERROR;
				CLANG_WARN_DOCUMENTATION_COMMENTS = YES;
				CLANG_WARN_EMPTY_BODY = YES;
				CLANG_WARN_ENUM_CONVERSION = YES;
				CLANG_WARN_INFINITE_RECURSION = YES;
				CLANG_WARN_INT_CONVERSION = YES;
				CLANG_WARN_NON_LITERAL_NULL_CONVERSION = YES;
				CLANG_WARN_OBJC_IMPLICIT_RETAIN_SELF = YES;
				CLANG_WARN_OBJC_LITERAL_CONVERSION = YES;
				CLANG_WARN_OBJC_ROOT_CLASS = YES_ERROR;
				CLANG_WARN_QUOTED_INCLUDE_IN_FRAMEWORK_HEADER = YES;
				CLANG_WARN_RANGE_LOOP_ANALYSIS = YES;
				CLANG_WARN_STRICT_PROTOTYPES = YES;
				CLANG_WARN_SUSPICIOUS_MOVE = YES;
				CLANG_WARN_UNGUARDED_AVAILABILITY = YES_AGGRESSIVE;
				CLANG_WARN_UNREACHABLE_CODE = YES;
				CLANG_WARN__DUPLICATE_METHOD_MATCH = YES;
				COPY_PHASE_STRIP = NO;
				DEBUG_INFORMATION_FORMAT = "dwarf-with-dsym";
				ENABLE_NS_ASSERTIONS = NO;
				ENABLE_STRICT_OBJC_MSGSEND = YES;
				GCC_C_LANGUAGE_STANDARD = gnu11;
				GCC_NO_COMMON_BLOCKS = YES;
				GCC_WARN_64_TO_32_BIT_CONVERSION = YES;
				GCC_WARN_ABOUT_RETURN_TYPE = YES_ERROR;
				GCC_WARN_UNDECLARED_SELECTOR = YES;
				GCC_WARN_UNINITIALIZED_AUTOS = YES_AGGRESSIVE;
				GCC_WARN_UNUSED_FUNCTION = YES;
				GCC_WARN_UNUSED_VARIABLE = YES;
				IPHONEOS_DEPLOYMENT_TARGET = 15.5;
				MTL_ENABLE_DEBUG_INFO = NO;
				MTL_FAST_MATH = YES;
				SDKROOT = iphoneos;
				SWIFT_COMPILATION_MODE = wholemodule;
				SWIFT_OPTIMIZATION_LEVEL = "-O";
				VALIDATE_PRODUCT = YES;
			};
			name = Release;
		};
		1978113928C99A2C005E858A /* Debug */ = {
			isa = XCBuildConfiguration;
			buildSettings = {
				ASSETCATALOG_COMPILER_APPICON_NAME = AppIcon;
				ASSETCATALOG_COMPILER_GLOBAL_ACCENT_COLOR_NAME = AccentColor;
				CODE_SIGN_STYLE = Automatic;
				CURRENT_PROJECT_VERSION = 1;
				DEVELOPMENT_TEAM = JRHZYJ886Z;
				GENERATE_INFOPLIST_FILE = YES;
				INFOPLIST_FILE = SnakesAndLadders/Info.plist;
				INFOPLIST_KEY_UIApplicationSupportsIndirectInputEvents = YES;
				INFOPLIST_KEY_UILaunchStoryboardName = LaunchScreen;
				INFOPLIST_KEY_UIMainStoryboardFile = Main;
				INFOPLIST_KEY_UISupportedInterfaceOrientations_iPad = "UIInterfaceOrientationPortrait UIInterfaceOrientationPortraitUpsideDown UIInterfaceOrientationLandscapeLeft UIInterfaceOrientationLandscapeRight";
				INFOPLIST_KEY_UISupportedInterfaceOrientations_iPhone = "UIInterfaceOrientationPortrait UIInterfaceOrientationLandscapeLeft UIInterfaceOrientationLandscapeRight";
				LD_RUNPATH_SEARCH_PATHS = (
					"$(inherited)",
					"@executable_path/Frameworks",
				);
				MARKETING_VERSION = 1.0;
				PRODUCT_BUNDLE_IDENTIFIER = com.wrx.wazirx.SnakesAndLadders;
				PRODUCT_NAME = "$(TARGET_NAME)";
				SWIFT_EMIT_LOC_STRINGS = YES;
				SWIFT_VERSION = 5.0;
				TARGETED_DEVICE_FAMILY = "1,2";
			};
			name = Debug;
		};
		1978113A28C99A2C005E858A /* Release */ = {
			isa = XCBuildConfiguration;
			buildSettings = {
				ASSETCATALOG_COMPILER_APPICON_NAME = AppIcon;
				ASSETCATALOG_COMPILER_GLOBAL_ACCENT_COLOR_NAME = AccentColor;
				CODE_SIGN_STYLE = Automatic;
				CURRENT_PROJECT_VERSION = 1;
				DEVELOPMENT_TEAM = JRHZYJ886Z;
				GENERATE_INFOPLIST_FILE = YES;
				INFOPLIST_FILE = SnakesAndLadders/Info.plist;
				INFOPLIST_KEY_UIApplicationSupportsIndirectInputEvents = YES;
				INFOPLIST_KEY_UILaunchStoryboardName = LaunchScreen;
				INFOPLIST_KEY_UIMainStoryboardFile = Main;
				INFOPLIST_KEY_UISupportedInterfaceOrientations_iPad = "UIInterfaceOrientationPortrait UIInterfaceOrientationPortraitUpsideDown UIInterfaceOrientationLandscapeLeft UIInterfaceOrientationLandscapeRight";
				INFOPLIST_KEY_UISupportedInterfaceOrientations_iPhone = "UIInterfaceOrientationPortrait UIInterfaceOrientationLandscapeLeft UIInterfaceOrientationLandscapeRight";
				LD_RUNPATH_SEARCH_PATHS = (
					"$(inherited)",
					"@executable_path/Frameworks",
				);
				MARKETING_VERSION = 1.0;
				PRODUCT_BUNDLE_IDENTIFIER = com.wrx.wazirx.SnakesAndLadders;
				PRODUCT_NAME = "$(TARGET_NAME)";
				SWIFT_EMIT_LOC_STRINGS = YES;
				SWIFT_VERSION = 5.0;
				TARGETED_DEVICE_FAMILY = "1,2";
			};
			name = Release;
		};
/* End XCBuildConfiguration section */

/* Begin XCConfigurationList section */
		1978111F28C99A2A005E858A /* Build configuration list for PBXProject "SnakesAndLadders" */ = {
			isa = XCConfigurationList;
			buildConfigurations = (
				1978113628C99A2C005E858A /* Debug */,
				1978113728C99A2C005E858A /* Release */,
			);
			defaultConfigurationIsVisible = 0;
			defaultConfigurationName = Release;
		};
		1978113828C99A2C005E858A /* Build configuration list for PBXNativeTarget "SnakesAndLadders" */ = {
			isa = XCConfigurationList;
			buildConfigurations = (
				1978113928C99A2C005E858A /* Debug */,
				1978113A28C99A2C005E858A /* Release */,
			);
			defaultConfigurationIsVisible = 0;
			defaultConfigurationName = Release;
		};
/* End XCConfigurationList section */
	};
	rootObject = 1978111C28C99A2A005E858A /* Project object */;
}
